{
  "lockfileVersion": 1,
  "workspaces": {
    "": {
      "name": "file_upload_handler",
      "dependencies": {
        "tcp-port-used": "^1.0.2",
      },
      "devDependencies": {
        "@types/bun": "latest",
      },
      "peerDependencies": {
        "typescript": "^5",
      },
    },
  },
  "packages": {
    "@types/bun": ["@types/bun@1.2.13", "https://mirrors.tencent.com/npm/@types/bun/-/bun-1.2.13.tgz", { "dependencies": { "bun-types": "1.2.13" } }, "sha512-u6vXep/i9VBxoJl3GjZsl/BFIsvML8DfVDO0RYLEwtSZSp981kEO1V5NwRcO1CPJ7AmvpbnDCiMKo3JvbDEjAg=="],

    "@types/node": ["@types/node@22.15.19", "https://mirrors.tencent.com/npm/@types/node/-/node-22.15.19.tgz", { "dependencies": { "undici-types": "~6.21.0" } }, "sha512-3vMNr4TzNQyjHcRZadojpRaD9Ofr6LsonZAoQ+HMUa/9ORTPoxVIw0e0mpqWpdjj8xybyCM+oKOUH2vwFu/oEw=="],

    "bun-types": ["bun-types@1.2.13", "https://mirrors.tencent.com/npm/bun-types/-/bun-types-1.2.13.tgz", { "dependencies": { "@types/node": "*" } }, "sha512-rRjA1T6n7wto4gxhAO/ErZEtOXyEZEmnIHQfl0Dt1QQSB4QV0iP6BZ9/YB5fZaHFQ2dwHFrmPaRQ9GGMX01k9Q=="],

    "debug": ["debug@4.3.1", "https://mirrors.tencent.com/npm/debug/-/debug-4.3.1.tgz", { "dependencies": { "ms": "2.1.2" } }, "sha512-doEwdvm4PCeK4K3RQN2ZC2BYUBaxwLARCqZmMjtF8a51J2Rb0xpVloFRnCODwqjpwnAoao4pelN8l3RJdv3gRQ=="],

    "deep-is": ["deep-is@0.1.4", "https://mirrors.tencent.com/npm/deep-is/-/deep-is-0.1.4.tgz", {}, "sha512-oIPzksmTg4/MriiaYGO+okXDT7ztn/w3Eptv/+gSIdMdKsJo0u4CfYNFJPy+4SKMuCqGw2wxnA+URMg3t8a/bQ=="],

    "ip-regex": ["ip-regex@4.3.0", "https://mirrors.tencent.com/npm/ip-regex/-/ip-regex-4.3.0.tgz", {}, "sha512-B9ZWJxHHOHUhUjCPrMpLD4xEq35bUTClHM1S6CBU5ixQnkZmwipwgc96vAd7AAGM9TGHvJR+Uss+/Ak6UphK+Q=="],

    "is-url": ["is-url@1.2.4", "https://mirrors.tencent.com/npm/is-url/-/is-url-1.2.4.tgz", {}, "sha512-ITvGim8FhRiYe4IQ5uHSkj7pVaPDrCTkNd3yq3cV7iZAcJdHTUMPMEHcqSOy9xZ9qFenQCvi+2wjH9a1nXqHww=="],

    "is2": ["is2@2.0.9", "https://mirrors.tencent.com/npm/is2/-/is2-2.0.9.tgz", { "dependencies": { "deep-is": "^0.1.3", "ip-regex": "^4.1.0", "is-url": "^1.2.4" } }, "sha512-rZkHeBn9Zzq52sd9IUIV3a5mfwBY+o2HePMh0wkGBM4z4qjvy2GwVxQ6nNXSfw6MmVP6gf1QIlWjiOavhM3x5g=="],

    "ms": ["ms@2.1.2", "https://mirrors.tencent.com/npm/ms/-/ms-2.1.2.tgz", {}, "sha512-sGkPx+VjMtmA6MX27oA4FBFELFCZZ4S4XqeGOXCv68tT+jb3vk/RyaKWP0PTKyWtmLSM0b+adUTEvbs1PEaH2w=="],

    "tcp-port-used": ["tcp-port-used@1.0.2", "https://mirrors.tencent.com/npm/tcp-port-used/-/tcp-port-used-1.0.2.tgz", { "dependencies": { "debug": "4.3.1", "is2": "^2.0.6" } }, "sha512-l7ar8lLUD3XS1V2lfoJlCBaeoaWo/2xfYt81hM7VlvR4RrMVFqfmzfhLVk40hAb368uitje5gPtBRL1m/DGvLA=="],

    "typescript": ["typescript@5.8.3", "https://mirrors.tencent.com/npm/typescript/-/typescript-5.8.3.tgz", { "bin": { "tsc": "bin/tsc", "tsserver": "bin/tsserver" } }, "sha512-p1diW6TqL9L07nNxvRMM7hMMw4c5XOo/1ibL4aAIGmSAt9slTE1Xgw5KWuof2uTOvCg9BY7ZRi+GaF+7sfgPeQ=="],

    "undici-types": ["undici-types@6.21.0", "https://mirrors.tencent.com/npm/undici-types/-/undici-types-6.21.0.tgz", {}, "sha512-iwDZqg0QAGrg9Rav5H4n0M64c3mkR59cJ6wQp+7C4nI0gsmExaedaYLNO44eT4AtBBwjbTiGPMlt2Md0T9H9JQ=="],
  }
}
